
Microsoft Visual Studio Solution File, Format Version 12.00
# Visual Studio Version 17
VisualStudioVersion = 17.5.33627.172
MinimumVisualStudioVersion = 10.0.40219.1
Project("{9A19103F-16F7-4668-BE54-9A1E7A4F7556}") = "DisplayVideo", "ConsoleApp1\DisplayVideo.csproj", "{25FA1337-4C41-47B9-B835-DA230154227F}"
EndProject
Project("{9A19103F-16F7-4668-BE54-9A1E7A4F7556}") = "ScreenRecorder", "ScreenCapture\ScreenRecorder.csproj", "{7D880AF3-E089-4E7B-81D7-9844C70C06FD}"
EndProject
Project("{9A19103F-16F7-4668-BE54-9A1E7A4F7556}") = "WebCamera", "WebCamera\WebCamera.csproj", "{63737DE3-6191-4440-A7C0-8B68ECA13E7D}"
EndProject
Project("{9A19103F-16F7-4668-BE54-9A1E7A4F7556}") = "WinFormsFromConsole", "WinFormsFromConsole\WinFormsFromConsole.csproj", "{2C75AD82-5BEE-4CF9-BDFF-56945245D26C}"
EndProject
Project("{9A19103F-16F7-4668-BE54-9A1E7A4F7556}") = "SaveHLS", "SaveHLS\SaveHLS.csproj", "{93D899E0-CBB2-4C58-8939-E6FAF0452318}"
EndProject
Project("{9A19103F-16F7-4668-BE54-9A1E7A4F7556}") = "WinFormsViewer", "WinFormsViewer\WinFormsViewer.csproj", "{EF5A46D4-7BB7-4A57-BAFD-F0E7EDB38308}"
EndProject
Project("{9A19103F-16F7-4668-BE54-9A1E7A4F7556}") = "StreamToRtsp", "StreamToRtsp\StreamToRtsp.csproj", "{32EE5245-DBAE-4F59-802A-44E18EE32A0D}"
EndProject
Project("{9A19103F-16F7-4668-BE54-9A1E7A4F7556}") = "VlcClient", "VlcClient\VlcClient.csproj", "{782ECA95-1424-4DC8-86E2-DDE189BD0ED9}"
EndProject
Project("{9A19103F-16F7-4668-BE54-9A1E7A4F7556}") = "VlcConsoleBroadcastServer", "VlcConsoleBroadcastServer\VlcConsoleBroadcastServer.csproj", "{1B80037F-AD88-47D8-9216-98F303887EF8}"
EndProject
Project("{9A19103F-16F7-4668-BE54-9A1E7A4F7556}") = "CameraRecorder", "CameraRecorder\CameraRecorder.csproj", "{9B0836D0-1A16-4D39-8A56-3997D0A1B3D4}"
EndProject
Project("{9A19103F-16F7-4668-BE54-9A1E7A4F7556}") = "OpenCvLibrary", "OpenCvLibrary\OpenCvLibrary.csproj", "{63DBA91D-3027-468C-850F-682769984A87}"
EndProject
Project("{9A19103F-16F7-4668-BE54-9A1E7A4F7556}") = "WinFormsOpenCvRecorder", "WinFormsOpenCvRecorder\WinFormsOpenCvRecorder.csproj", "{9A59529E-815A-4E94-A60E-144E700F7844}"
EndProject
Project("{9A19103F-16F7-4668-BE54-9A1E7A4F7556}") = "VncConsoleGetAllWebsams", "VncConsoleGetAllWebsams\VncConsoleGetAllWebsams.csproj", "{73637598-4F21-4C87-8B83-40E075490AEB}"
EndProject
Project("{2150E333-8FDC-42A3-9474-1A3956D46DE8}") = "Solution Items", "Solution Items", "{0DFA8B6C-3A24-4B98-92EB-702E31530984}"
	ProjectSection(SolutionItems) = preProject
		Testdata\color-test.mp4 = Testdata\color-test.mp4
		Testdata\gabos-box-1.mp4 = Testdata\gabos-box-1.mp4
		Testdata\idiot-box-1.mp4 = Testdata\idiot-box-1.mp4
		Testdata\no.wav = Testdata\no.wav
		Testdata\yes.wav = Testdata\yes.wav
	EndProjectSection
EndProject
Project("{9A19103F-16F7-4668-BE54-9A1E7A4F7556}") = "WebCamRecorderVlc", "WebCamRecorderVlc\WebCamRecorderVlc.csproj", "{E5BD4EF0-386F-4E3A-BE16-4CF156E0746B}"
EndProject
Project("{2150E333-8FDC-42A3-9474-1A3956D46DE8}") = "VLC", "VLC", "{CAB4F20D-132F-43A7-A454-8579BA34223A}"
EndProject
Project("{2150E333-8FDC-42A3-9474-1A3956D46DE8}") = "OPENCV", "OPENCV", "{D9120066-2A61-4B80-84CE-DEBC35DE2307}"
EndProject
Project("{2150E333-8FDC-42A3-9474-1A3956D46DE8}") = "OTHER", "OTHER", "{49F9157C-E1CB-4B40-87B7-12C2B49F5199}"
EndProject
Project("{9A19103F-16F7-4668-BE54-9A1E7A4F7556}") = "ListWebCams", "ListWebCams\ListWebCams.csproj", "{8E7E2E5B-DEF1-44B4-98EE-09A29780C379}"
EndProject
Project("{9A19103F-16F7-4668-BE54-9A1E7A4F7556}") = "ConsoleWebCamRecorder", "ConsoleWebCamRecorder\ConsoleWebCamRecorder.csproj", "{FC3EFE6A-7D5C-4CEC-B44E-B55D801B7754}"
EndProject
Project("{FAE04EC0-301F-11D3-BF4B-00C04F79EFBC}") = "ManyPlayers", "ManyPlayers\ManyPlayers.csproj", "{46546B1E-5667-4E05-8C0D-690F7D9355AB}"
EndProject
Global
	GlobalSection(SolutionConfigurationPlatforms) = preSolution
		Debug|Any CPU = Debug|Any CPU
		Release|Any CPU = Release|Any CPU
	EndGlobalSection
	GlobalSection(ProjectConfigurationPlatforms) = postSolution
		{25FA1337-4C41-47B9-B835-DA230154227F}.Debug|Any CPU.ActiveCfg = Debug|Any CPU
		{25FA1337-4C41-47B9-B835-DA230154227F}.Debug|Any CPU.Build.0 = Debug|Any CPU
		{25FA1337-4C41-47B9-B835-DA230154227F}.Release|Any CPU.ActiveCfg = Release|Any CPU
		{25FA1337-4C41-47B9-B835-DA230154227F}.Release|Any CPU.Build.0 = Release|Any CPU
		{7D880AF3-E089-4E7B-81D7-9844C70C06FD}.Debug|Any CPU.ActiveCfg = Debug|Any CPU
		{7D880AF3-E089-4E7B-81D7-9844C70C06FD}.Debug|Any CPU.Build.0 = Debug|Any CPU
		{7D880AF3-E089-4E7B-81D7-9844C70C06FD}.Release|Any CPU.ActiveCfg = Release|Any CPU
		{7D880AF3-E089-4E7B-81D7-9844C70C06FD}.Release|Any CPU.Build.0 = Release|Any CPU
		{63737DE3-6191-4440-A7C0-8B68ECA13E7D}.Debug|Any CPU.ActiveCfg = Debug|Any CPU
		{63737DE3-6191-4440-A7C0-8B68ECA13E7D}.Debug|Any CPU.Build.0 = Debug|Any CPU
		{63737DE3-6191-4440-A7C0-8B68ECA13E7D}.Release|Any CPU.ActiveCfg = Release|Any CPU
		{63737DE3-6191-4440-A7C0-8B68ECA13E7D}.Release|Any CPU.Build.0 = Release|Any CPU
		{2C75AD82-5BEE-4CF9-BDFF-56945245D26C}.Debug|Any CPU.ActiveCfg = Debug|Any CPU
		{2C75AD82-5BEE-4CF9-BDFF-56945245D26C}.Debug|Any CPU.Build.0 = Debug|Any CPU
		{2C75AD82-5BEE-4CF9-BDFF-56945245D26C}.Release|Any CPU.ActiveCfg = Release|Any CPU
		{2C75AD82-5BEE-4CF9-BDFF-56945245D26C}.Release|Any CPU.Build.0 = Release|Any CPU
		{93D899E0-CBB2-4C58-8939-E6FAF0452318}.Debug|Any CPU.ActiveCfg = Debug|Any CPU
		{93D899E0-CBB2-4C58-8939-E6FAF0452318}.Debug|Any CPU.Build.0 = Debug|Any CPU
		{93D899E0-CBB2-4C58-8939-E6FAF0452318}.Release|Any CPU.ActiveCfg = Release|Any CPU
		{93D899E0-CBB2-4C58-8939-E6FAF0452318}.Release|Any CPU.Build.0 = Release|Any CPU
		{EF5A46D4-7BB7-4A57-BAFD-F0E7EDB38308}.Debug|Any CPU.ActiveCfg = Debug|Any CPU
		{EF5A46D4-7BB7-4A57-BAFD-F0E7EDB38308}.Debug|Any CPU.Build.0 = Debug|Any CPU
		{EF5A46D4-7BB7-4A57-BAFD-F0E7EDB38308}.Release|Any CPU.ActiveCfg = Release|Any CPU
		{EF5A46D4-7BB7-4A57-BAFD-F0E7EDB38308}.Release|Any CPU.Build.0 = Release|Any CPU
		{32EE5245-DBAE-4F59-802A-44E18EE32A0D}.Debug|Any CPU.ActiveCfg = Debug|Any CPU
		{32EE5245-DBAE-4F59-802A-44E18EE32A0D}.Debug|Any CPU.Build.0 = Debug|Any CPU
		{32EE5245-DBAE-4F59-802A-44E18EE32A0D}.Release|Any CPU.ActiveCfg = Release|Any CPU
		{32EE5245-DBAE-4F59-802A-44E18EE32A0D}.Release|Any CPU.Build.0 = Release|Any CPU
		{782ECA95-1424-4DC8-86E2-DDE189BD0ED9}.Debug|Any CPU.ActiveCfg = Debug|Any CPU
		{782ECA95-1424-4DC8-86E2-DDE189BD0ED9}.Debug|Any CPU.Build.0 = Debug|Any CPU
		{782ECA95-1424-4DC8-86E2-DDE189BD0ED9}.Release|Any CPU.ActiveCfg = Release|Any CPU
		{782ECA95-1424-4DC8-86E2-DDE189BD0ED9}.Release|Any CPU.Build.0 = Release|Any CPU
		{1B80037F-AD88-47D8-9216-98F303887EF8}.Debug|Any CPU.ActiveCfg = Debug|Any CPU
		{1B80037F-AD88-47D8-9216-98F303887EF8}.Debug|Any CPU.Build.0 = Debug|Any CPU
		{1B80037F-AD88-47D8-9216-98F303887EF8}.Release|Any CPU.ActiveCfg = Release|Any CPU
		{1B80037F-AD88-47D8-9216-98F303887EF8}.Release|Any CPU.Build.0 = Release|Any CPU
		{9B0836D0-1A16-4D39-8A56-3997D0A1B3D4}.Debug|Any CPU.ActiveCfg = Debug|Any CPU
		{9B0836D0-1A16-4D39-8A56-3997D0A1B3D4}.Debug|Any CPU.Build.0 = Debug|Any CPU
		{9B0836D0-1A16-4D39-8A56-3997D0A1B3D4}.Release|Any CPU.ActiveCfg = Release|Any CPU
		{9B0836D0-1A16-4D39-8A56-3997D0A1B3D4}.Release|Any CPU.Build.0 = Release|Any CPU
		{63DBA91D-3027-468C-850F-682769984A87}.Debug|Any CPU.ActiveCfg = Debug|Any CPU
		{63DBA91D-3027-468C-850F-682769984A87}.Debug|Any CPU.Build.0 = Debug|Any CPU
		{63DBA91D-3027-468C-850F-682769984A87}.Release|Any CPU.ActiveCfg = Release|Any CPU
		{63DBA91D-3027-468C-850F-682769984A87}.Release|Any CPU.Build.0 = Release|Any CPU
		{9A59529E-815A-4E94-A60E-144E700F7844}.Debug|Any CPU.ActiveCfg = Debug|Any CPU
		{9A59529E-815A-4E94-A60E-144E700F7844}.Debug|Any CPU.Build.0 = Debug|Any CPU
		{9A59529E-815A-4E94-A60E-144E700F7844}.Release|Any CPU.ActiveCfg = Release|Any CPU
		{9A59529E-815A-4E94-A60E-144E700F7844}.Release|Any CPU.Build.0 = Release|Any CPU
		{73637598-4F21-4C87-8B83-40E075490AEB}.Debug|Any CPU.ActiveCfg = Debug|Any CPU
		{73637598-4F21-4C87-8B83-40E075490AEB}.Debug|Any CPU.Build.0 = Debug|Any CPU
		{73637598-4F21-4C87-8B83-40E075490AEB}.Release|Any CPU.ActiveCfg = Release|Any CPU
		{73637598-4F21-4C87-8B83-40E075490AEB}.Release|Any CPU.Build.0 = Release|Any CPU
		{E5BD4EF0-386F-4E3A-BE16-4CF156E0746B}.Debug|Any CPU.ActiveCfg = Debug|Any CPU
		{E5BD4EF0-386F-4E3A-BE16-4CF156E0746B}.Debug|Any CPU.Build.0 = Debug|Any CPU
		{E5BD4EF0-386F-4E3A-BE16-4CF156E0746B}.Release|Any CPU.ActiveCfg = Release|Any CPU
		{E5BD4EF0-386F-4E3A-BE16-4CF156E0746B}.Release|Any CPU.Build.0 = Release|Any CPU
		{8E7E2E5B-DEF1-44B4-98EE-09A29780C379}.Debug|Any CPU.ActiveCfg = Debug|Any CPU
		{8E7E2E5B-DEF1-44B4-98EE-09A29780C379}.Debug|Any CPU.Build.0 = Debug|Any CPU
		{8E7E2E5B-DEF1-44B4-98EE-09A29780C379}.Release|Any CPU.ActiveCfg = Release|Any CPU
		{8E7E2E5B-DEF1-44B4-98EE-09A29780C379}.Release|Any CPU.Build.0 = Release|Any CPU
		{FC3EFE6A-7D5C-4CEC-B44E-B55D801B7754}.Debug|Any CPU.ActiveCfg = Debug|Any CPU
		{FC3EFE6A-7D5C-4CEC-B44E-B55D801B7754}.Debug|Any CPU.Build.0 = Debug|Any CPU
		{FC3EFE6A-7D5C-4CEC-B44E-B55D801B7754}.Release|Any CPU.ActiveCfg = Release|Any CPU
		{FC3EFE6A-7D5C-4CEC-B44E-B55D801B7754}.Release|Any CPU.Build.0 = Release|Any CPU
		{46546B1E-5667-4E05-8C0D-690F7D9355AB}.Debug|Any CPU.ActiveCfg = Debug|Any CPU
		{46546B1E-5667-4E05-8C0D-690F7D9355AB}.Debug|Any CPU.Build.0 = Debug|Any CPU
		{46546B1E-5667-4E05-8C0D-690F7D9355AB}.Release|Any CPU.ActiveCfg = Release|Any CPU
		{46546B1E-5667-4E05-8C0D-690F7D9355AB}.Release|Any CPU.Build.0 = Release|Any CPU
	EndGlobalSection
	GlobalSection(SolutionProperties) = preSolution
		HideSolutionNode = FALSE
	EndGlobalSection
	GlobalSection(NestedProjects) = preSolution
		{25FA1337-4C41-47B9-B835-DA230154227F} = {CAB4F20D-132F-43A7-A454-8579BA34223A}
		{7D880AF3-E089-4E7B-81D7-9844C70C06FD} = {CAB4F20D-132F-43A7-A454-8579BA34223A}
		{63737DE3-6191-4440-A7C0-8B68ECA13E7D} = {CAB4F20D-132F-43A7-A454-8579BA34223A}
		{2C75AD82-5BEE-4CF9-BDFF-56945245D26C} = {CAB4F20D-132F-43A7-A454-8579BA34223A}
		{93D899E0-CBB2-4C58-8939-E6FAF0452318} = {CAB4F20D-132F-43A7-A454-8579BA34223A}
		{EF5A46D4-7BB7-4A57-BAFD-F0E7EDB38308} = {CAB4F20D-132F-43A7-A454-8579BA34223A}
		{32EE5245-DBAE-4F59-802A-44E18EE32A0D} = {CAB4F20D-132F-43A7-A454-8579BA34223A}
		{782ECA95-1424-4DC8-86E2-DDE189BD0ED9} = {CAB4F20D-132F-43A7-A454-8579BA34223A}
		{1B80037F-AD88-47D8-9216-98F303887EF8} = {CAB4F20D-132F-43A7-A454-8579BA34223A}
		{9B0836D0-1A16-4D39-8A56-3997D0A1B3D4} = {CAB4F20D-132F-43A7-A454-8579BA34223A}
		{63DBA91D-3027-468C-850F-682769984A87} = {D9120066-2A61-4B80-84CE-DEBC35DE2307}
		{9A59529E-815A-4E94-A60E-144E700F7844} = {D9120066-2A61-4B80-84CE-DEBC35DE2307}
		{73637598-4F21-4C87-8B83-40E075490AEB} = {CAB4F20D-132F-43A7-A454-8579BA34223A}
		{E5BD4EF0-386F-4E3A-BE16-4CF156E0746B} = {CAB4F20D-132F-43A7-A454-8579BA34223A}
		{8E7E2E5B-DEF1-44B4-98EE-09A29780C379} = {D9120066-2A61-4B80-84CE-DEBC35DE2307}
		{FC3EFE6A-7D5C-4CEC-B44E-B55D801B7754} = {CAB4F20D-132F-43A7-A454-8579BA34223A}
		{46546B1E-5667-4E05-8C0D-690F7D9355AB} = {CAB4F20D-132F-43A7-A454-8579BA34223A}
	EndGlobalSection
	GlobalSection(ExtensibilityGlobals) = postSolution
		SolutionGuid = {CDDCCCAB-4F23-438A-8420-512E8221A96F}
	EndGlobalSection
EndGlobal
